
Microsoft Visual Studio Solution File, Format Version 12.00
# Visual Studio Version 17
VisualStudioVersion = 17.8.34330.188
MinimumVisualStudioVersion = 10.0.40219.1
Project("{9A19103F-16F7-4668-BE54-9A1E7A4F7556}") = "DigitalLibraryAPI", "DigitalLibraryAPI\DigitalLibraryAPI.csproj", "{5418DC55-69EB-4A0E-A851-EC9EC02A5E5A}"
EndProject
Project("{FAE04EC0-301F-11D3-BF4B-00C04F79EFBC}") = "Library.Domain", "Library.Domain\Library.Domain.csproj", "{633406E7-9EDE-4A07-978A-88B3387936BA}"
EndProject
Project("{FAE04EC0-301F-11D3-BF4B-00C04F79EFBC}") = "Library.DTO", "Library.DTO\Library.DTO.csproj", "{F50012D0-8ABE-49B2-939C-953A1F4D7E8B}"
EndProject
Project("{FAE04EC0-301F-11D3-BF4B-00C04F79EFBC}") = "Library.Application", "Library.Application\Library.Application.csproj", "{2BE5E435-3F80-4FE8-AE27-BFC2F79EEB88}"
EndProject
Project("{FAE04EC0-301F-11D3-BF4B-00C04F79EFBC}") = "Library.Common", "Library.Common\Library.Common.csproj", "{505BCDEC-374A-4BED-8531-684DEB2A14BD}"
EndProject
Global
	GlobalSection(SolutionConfigurationPlatforms) = preSolution
		Debug|Any CPU = Debug|Any CPU
		Release|Any CPU = Release|Any CPU
	EndGlobalSection
	GlobalSection(ProjectConfigurationPlatforms) = postSolution
		{5418DC55-69EB-4A0E-A851-EC9EC02A5E5A}.Debug|Any CPU.ActiveCfg = Debug|Any CPU
		{5418DC55-69EB-4A0E-A851-EC9EC02A5E5A}.Debug|Any CPU.Build.0 = Debug|Any CPU
		{5418DC55-69EB-4A0E-A851-EC9EC02A5E5A}.Release|Any CPU.ActiveCfg = Release|Any CPU
		{5418DC55-69EB-4A0E-A851-EC9EC02A5E5A}.Release|Any CPU.Build.0 = Release|Any CPU
		{633406E7-9EDE-4A07-978A-88B3387936BA}.Debug|Any CPU.ActiveCfg = Debug|Any CPU
		{633406E7-9EDE-4A07-978A-88B3387936BA}.Debug|Any CPU.Build.0 = Debug|Any CPU
		{633406E7-9EDE-4A07-978A-88B3387936BA}.Release|Any CPU.ActiveCfg = Release|Any CPU
		{633406E7-9EDE-4A07-978A-88B3387936BA}.Release|Any CPU.Build.0 = Release|Any CPU
		{F50012D0-8ABE-49B2-939C-953A1F4D7E8B}.Debug|Any CPU.ActiveCfg = Debug|Any CPU
		{F50012D0-8ABE-49B2-939C-953A1F4D7E8B}.Debug|Any CPU.Build.0 = Debug|Any CPU
		{F50012D0-8ABE-49B2-939C-953A1F4D7E8B}.Release|Any CPU.ActiveCfg = Release|Any CPU
		{F50012D0-8ABE-49B2-939C-953A1F4D7E8B}.Release|Any CPU.Build.0 = Release|Any CPU
		{2BE5E435-3F80-4FE8-AE27-BFC2F79EEB88}.Debug|Any CPU.ActiveCfg = Debug|Any CPU
		{2BE5E435-3F80-4FE8-AE27-BFC2F79EEB88}.Debug|Any CPU.Build.0 = Debug|Any CPU
		{2BE5E435-3F80-4FE8-AE27-BFC2F79EEB88}.Release|Any CPU.ActiveCfg = Release|Any CPU
		{2BE5E435-3F80-4FE8-AE27-BFC2F79EEB88}.Release|Any CPU.Build.0 = Release|Any CPU
		{505BCDEC-374A-4BED-8531-684DEB2A14BD}.Debug|Any CPU.ActiveCfg = Debug|Any CPU
		{505BCDEC-374A-4BED-8531-684DEB2A14BD}.Debug|Any CPU.Build.0 = Debug|Any CPU
		{505BCDEC-374A-4BED-8531-684DEB2A14BD}.Release|Any CPU.ActiveCfg = Release|Any CPU
		{505BCDEC-374A-4BED-8531-684DEB2A14BD}.Release|Any CPU.Build.0 = Release|Any CPU
	EndGlobalSection
	GlobalSection(SolutionProperties) = preSolution
		HideSolutionNode = FALSE
	EndGlobalSection
	GlobalSection(ExtensibilityGlobals) = postSolution
		SolutionGuid = {2246FAC8-D36C-467A-BF8A-93FBFCC169A6}
	EndGlobalSection
EndGlobal
